
Microsoft Visual Studio Solution File, Format Version 12.00
# Visual Studio Version 17
VisualStudioVersion = 17.0.31903.59
MinimumVisualStudioVersion = 10.0.40219.1
Project("{FAE04EC0-301F-11D3-BF4B-00C04F79EFBC}") = "API", "API\API.csproj", "{EED8A88E-362E-40CE-82BF-0EF89DB6113E}"
EndProject
Project("{FAE04EC0-301F-11D3-BF4B-00C04F79EFBC}") = "Core", "Core\Core.csproj", "{71C39A64-D35C-42F8-8219-4AA6F17411BD}"
EndProject
Project("{FAE04EC0-301F-11D3-BF4B-00C04F79EFBC}") = "Infrastructure", "Infrastructure\Infrastructure.csproj", "{BBB1D6E6-FB91-4461-82D5-46EE9C8B1DFE}"
EndProject
Global
	GlobalSection(SolutionConfigurationPlatforms) = preSolution
		Debug|Any CPU = Debug|Any CPU
		Release|Any CPU = Release|Any CPU
	EndGlobalSection
	GlobalSection(SolutionProperties) = preSolution
		HideSolutionNode = FALSE
	EndGlobalSection
	GlobalSection(ProjectConfigurationPlatforms) = postSolution
		{EED8A88E-362E-40CE-82BF-0EF89DB6113E}.Debug|Any CPU.ActiveCfg = Debug|Any CPU
		{EED8A88E-362E-40CE-82BF-0EF89DB6113E}.Debug|Any CPU.Build.0 = Debug|Any CPU
		{EED8A88E-362E-40CE-82BF-0EF89DB6113E}.Release|Any CPU.ActiveCfg = Release|Any CPU
		{EED8A88E-362E-40CE-82BF-0EF89DB6113E}.Release|Any CPU.Build.0 = Release|Any CPU
		{71C39A64-D35C-42F8-8219-4AA6F17411BD}.Debug|Any CPU.ActiveCfg = Debug|Any CPU
		{71C39A64-D35C-42F8-8219-4AA6F17411BD}.Debug|Any CPU.Build.0 = Debug|Any CPU
		{71C39A64-D35C-42F8-8219-4AA6F17411BD}.Release|Any CPU.ActiveCfg = Release|Any CPU
		{71C39A64-D35C-42F8-8219-4AA6F17411BD}.Release|Any CPU.Build.0 = Release|Any CPU
		{BBB1D6E6-FB91-4461-82D5-46EE9C8B1DFE}.Debug|Any CPU.ActiveCfg = Debug|Any CPU
		{BBB1D6E6-FB91-4461-82D5-46EE9C8B1DFE}.Debug|Any CPU.Build.0 = Debug|Any CPU
		{BBB1D6E6-FB91-4461-82D5-46EE9C8B1DFE}.Release|Any CPU.ActiveCfg = Release|Any CPU
		{BBB1D6E6-FB91-4461-82D5-46EE9C8B1DFE}.Release|Any CPU.Build.0 = Release|Any CPU
	EndGlobalSection
EndGlobal
